// !$*UTF8*$!
{
	archiveVersion = 1;
	classes = {
	};
	objectVersion = 50;
	objects = {

/* Begin PBXBuildFile section */
		5A11D39E20CA65FF0078CFA5 /* MainView.swift in Sources */ = {isa = PBXBuildFile; fileRef = 5A11D39D20CA65FF0078CFA5 /* MainView.swift */; };
		5A11D3A020CA6ABB0078CFA5 /* MainCollectionViewCell.swift in Sources */ = {isa = PBXBuildFile; fileRef = 5A11D39F20CA6ABB0078CFA5 /* MainCollectionViewCell.swift */; };
		5A11D3A220CAB97A0078CFA5 /* UIColor.swift in Sources */ = {isa = PBXBuildFile; fileRef = 5A11D3A120CAB97A0078CFA5 /* UIColor.swift */; };
		5A3C509D20CB720000879F3F /* MainModel.swift in Sources */ = {isa = PBXBuildFile; fileRef = 5A3C509C20CB720000879F3F /* MainModel.swift */; };
		5A5C87E520CA59FC009D0D1B /* AppDelegate.swift in Sources */ = {isa = PBXBuildFile; fileRef = 5A5C87E420CA59FC009D0D1B /* AppDelegate.swift */; };
		5A5C87E720CA59FC009D0D1B /* MainViewController.swift in Sources */ = {isa = PBXBuildFile; fileRef = 5A5C87E620CA59FC009D0D1B /* MainViewController.swift */; };
		5A5C87EC20CA59FD009D0D1B /* Assets.xcassets in Resources */ = {isa = PBXBuildFile; fileRef = 5A5C87EB20CA59FD009D0D1B /* Assets.xcassets */; };
		5A5C87EF20CA59FD009D0D1B /* LaunchScreen.storyboard in Resources */ = {isa = PBXBuildFile; fileRef = 5A5C87ED20CA59FD009D0D1B /* LaunchScreen.storyboard */; };
		5A81991B20CBCA74006DA884 /* ContentViewController.swift in Sources */ = {isa = PBXBuildFile; fileRef = 5A81991A20CBCA74006DA884 /* ContentViewController.swift */; };
		5A81992020CBCAAA006DA884 /* ContentView.swift in Sources */ = {isa = PBXBuildFile; fileRef = 5A81991F20CBCAAA006DA884 /* ContentView.swift */; };
		5AB1BEA820CE19FE000BB5ED /* SafeArea.swift in Sources */ = {isa = PBXBuildFile; fileRef = 5AB1BEA720CE19FE000BB5ED /* SafeArea.swift */; };
		5ADA834320CEA285005B956A /* CustomAnimator.swift in Sources */ = {isa = PBXBuildFile; fileRef = 5ADA834220CEA285005B956A /* CustomAnimator.swift */; };
		95F2DDAF00FB9DF2EC29337C /* Pods_App_Store.framework in Frameworks */ = {isa = PBXBuildFile; fileRef = 3A8DAD55B3520738FFCFFF82 /* Pods_App_Store.framework */; };
/* End PBXBuildFile section */

/* Begin PBXFileReference section */
		3A8DAD55B3520738FFCFFF82 /* Pods_App_Store.framework */ = {isa = PBXFileReference; explicitFileType = wrapper.framework; includeInIndex = 0; path = Pods_App_Store.framework; sourceTree = BUILT_PRODUCTS_DIR; };
		5A11D39D20CA65FF0078CFA5 /* MainView.swift */ = {isa = PBXFileReference; lastKnownFileType = sourcecode.swift; path = MainView.swift; sourceTree = "<group>"; };
		5A11D39F20CA6ABB0078CFA5 /* MainCollectionViewCell.swift */ = {isa = PBXFileReference; lastKnownFileType = sourcecode.swift; path = MainCollectionViewCell.swift; sourceTree = "<group>"; };
		5A11D3A120CAB97A0078CFA5 /* UIColor.swift */ = {isa = PBXFileReference; fileEncoding = 4; lastKnownFileType = sourcecode.swift; path = UIColor.swift; sourceTree = "<group>"; };
		5A3C509C20CB720000879F3F /* MainModel.swift */ = {isa = PBXFileReference; lastKnownFileType = sourcecode.swift; path = MainModel.swift; sourceTree = "<group>"; };
		5A5C87E120CA59FC009D0D1B /* App Store.app */ = {isa = PBXFileReference; explicitFileType = wrapper.application; includeInIndex = 0; path = "App Store.app"; sourceTree = BUILT_PRODUCTS_DIR; };
		5A5C87E420CA59FC009D0D1B /* AppDelegate.swift */ = {isa = PBXFileReference; lastKnownFileType = sourcecode.swift; path = AppDelegate.swift; sourceTree = "<group>"; };
		5A5C87E620CA59FC009D0D1B /* MainViewController.swift */ = {isa = PBXFileReference; lastKnownFileType = sourcecode.swift; path = MainViewController.swift; sourceTree = "<group>"; };
		5A5C87EB20CA59FD009D0D1B /* Assets.xcassets */ = {isa = PBXFileReference; lastKnownFileType = folder.assetcatalog; path = Assets.xcassets; sourceTree = "<group>"; };
		5A5C87EE20CA59FD009D0D1B /* Base */ = {isa = PBXFileReference; lastKnownFileType = file.storyboard; name = Base; path = Base.lproj/LaunchScreen.storyboard; sourceTree = "<group>"; };
		5A5C87F020CA59FD009D0D1B /* Info.plist */ = {isa = PBXFileReference; lastKnownFileType = text.plist.xml; path = Info.plist; sourceTree = "<group>"; };
		5A81991A20CBCA74006DA884 /* ContentViewController.swift */ = {isa = PBXFileReference; lastKnownFileType = sourcecode.swift; path = ContentViewController.swift; sourceTree = "<group>"; };
		5A81991F20CBCAAA006DA884 /* ContentView.swift */ = {isa = PBXFileReference; lastKnownFileType = sourcecode.swift; path = ContentView.swift; sourceTree = "<group>"; };
		5AB1BEA720CE19FE000BB5ED /* SafeArea.swift */ = {isa = PBXFileReference; fileEncoding = 4; lastKnownFileType = sourcecode.swift; path = SafeArea.swift; sourceTree = "<group>"; };
		5ADA834220CEA285005B956A /* CustomAnimator.swift */ = {isa = PBXFileReference; lastKnownFileType = sourcecode.swift; path = CustomAnimator.swift; sourceTree = "<group>"; };
		D3277C834CAE6F96BA0332E4 /* Pods-App Store.debug.xcconfig */ = {isa = PBXFileReference; includeInIndex = 1; lastKnownFileType = text.xcconfig; name = "Pods-App Store.debug.xcconfig"; path = "Pods/Target Support Files/Pods-App Store/Pods-App Store.debug.xcconfig"; sourceTree = "<group>"; };
		FCC717AA40904FF0B7BA6617 /* Pods-App Store.release.xcconfig */ = {isa = PBXFileReference; includeInIndex = 1; lastKnownFileType = text.xcconfig; name = "Pods-App Store.release.xcconfig"; path = "Pods/Target Support Files/Pods-App Store/Pods-App Store.release.xcconfig"; sourceTree = "<group>"; };
/* End PBXFileReference section */

/* Begin PBXFrameworksBuildPhase section */
		5A5C87DE20CA59FC009D0D1B /* Frameworks */ = {
			isa = PBXFrameworksBuildPhase;
			buildActionMask = 2147483647;
			files = (
				95F2DDAF00FB9DF2EC29337C /* Pods_App_Store.framework in Frameworks */,
			);
			runOnlyForDeploymentPostprocessing = 0;
		};
/* End PBXFrameworksBuildPhase section */

/* Begin PBXGroup section */
		23E5B43AA3888BF45483E9EE /* Frameworks */ = {
			isa = PBXGroup;
			children = (
				3A8DAD55B3520738FFCFFF82 /* Pods_App_Store.framework */,
			);
			name = Frameworks;
			sourceTree = "<group>";
		};
		2F9D9DE97B12F05A6E98A661 /* Pods */ = {
			isa = PBXGroup;
			children = (
				D3277C834CAE6F96BA0332E4 /* Pods-App Store.debug.xcconfig */,
				FCC717AA40904FF0B7BA6617 /* Pods-App Store.release.xcconfig */,
			);
			name = Pods;
			sourceTree = "<group>";
		};
		5A5C87D820CA59FC009D0D1B = {
			isa = PBXGroup;
			children = (
				5A5C87E320CA59FC009D0D1B /* App Store */,
				5A5C87E220CA59FC009D0D1B /* Products */,
				2F9D9DE97B12F05A6E98A661 /* Pods */,
				23E5B43AA3888BF45483E9EE /* Frameworks */,
			);
			sourceTree = "<group>";
		};
		5A5C87E220CA59FC009D0D1B /* Products */ = {
			isa = PBXGroup;
			children = (
				5A5C87E120CA59FC009D0D1B /* App Store.app */,
			);
			name = Products;
			sourceTree = "<group>";
		};
		5A5C87E320CA59FC009D0D1B /* App Store */ = {
			isa = PBXGroup;
			children = (
				5A5C87E420CA59FC009D0D1B /* AppDelegate.swift */,
				5A11D3A120CAB97A0078CFA5 /* UIColor.swift */,
				5AB1BEA720CE19FE000BB5ED /* SafeArea.swift */,
				5ADA834220CEA285005B956A /* CustomAnimator.swift */,
				5A81991D20CBCA84006DA884 /* Main */,
				5A81991E20CBCA8A006DA884 /* Content */,
				5A5C87EB20CA59FD009D0D1B /* Assets.xcassets */,
				5A5C87ED20CA59FD009D0D1B /* LaunchScreen.storyboard */,
				5A5C87F020CA59FD009D0D1B /* Info.plist */,
			);
			path = "App Store";
			sourceTree = "<group>";
		};
		5A81991D20CBCA84006DA884 /* Main */ = {
			isa = PBXGroup;
			children = (
				5A5C87E620CA59FC009D0D1B /* MainViewController.swift */,
				5A11D39D20CA65FF0078CFA5 /* MainView.swift */,
				5A3C509C20CB720000879F3F /* MainModel.swift */,
				5A11D39F20CA6ABB0078CFA5 /* MainCollectionViewCell.swift */,
			);
			path = Main;
			sourceTree = "<group>";
		};
		5A81991E20CBCA8A006DA884 /* Content */ = {
			isa = PBXGroup;
			children = (
				5A81991F20CBCAAA006DA884 /* ContentView.swift */,
				5A81991A20CBCA74006DA884 /* ContentViewController.swift */,
			);
			path = Content;
			sourceTree = "<group>";
		};
/* End PBXGroup section */

/* Begin PBXNativeTarget section */
		5A5C87E020CA59FC009D0D1B /* App Store */ = {
			isa = PBXNativeTarget;
			buildConfigurationList = 5A5C87F320CA59FD009D0D1B /* Build configuration list for PBXNativeTarget "App Store" */;
			buildPhases = (
				41D60DAB596173C2C832C5D3 /* [CP] Check Pods Manifest.lock */,
				5A5C87DD20CA59FC009D0D1B /* Sources */,
				5A5C87DE20CA59FC009D0D1B /* Frameworks */,
				5A5C87DF20CA59FC009D0D1B /* Resources */,
				AE095443E6AA7EFE90363676 /* [CP] Embed Pods Frameworks */,
			);
			buildRules = (
			);
			dependencies = (
			);
			name = "App Store";
			productName = "App Store";
			productReference = 5A5C87E120CA59FC009D0D1B /* App Store.app */;
			productType = "com.apple.product-type.application";
		};
/* End PBXNativeTarget section */

/* Begin PBXProject section */
		5A5C87D920CA59FC009D0D1B /* Project object */ = {
			isa = PBXProject;
			attributes = {
				LastSwiftUpdateCheck = 1000;
				LastUpgradeCheck = 1000;
				ORGANIZATIONNAME = ShotaroTao;
				TargetAttributes = {
					5A5C87E020CA59FC009D0D1B = {
						CreatedOnToolsVersion = 10.0;
					};
				};
			};
			buildConfigurationList = 5A5C87DC20CA59FC009D0D1B /* Build configuration list for PBXProject "App Store" */;
			compatibilityVersion = "Xcode 9.3";
			developmentRegion = en;
			hasScannedForEncodings = 0;
			knownRegions = (
				en,
				Base,
			);
			mainGroup = 5A5C87D820CA59FC009D0D1B;
			productRefGroup = 5A5C87E220CA59FC009D0D1B /* Products */;
			projectDirPath = "";
			projectRoot = "";
			targets = (
				5A5C87E020CA59FC009D0D1B /* App Store */,
			);
		};
/* End PBXProject section */

/* Begin PBXResourcesBuildPhase section */
		5A5C87DF20CA59FC009D0D1B /* Resources */ = {
			isa = PBXResourcesBuildPhase;
			buildActionMask = 2147483647;
			files = (
				5A5C87EF20CA59FD009D0D1B /* LaunchScreen.storyboard in Resources */,
				5A5C87EC20CA59FD009D0D1B /* Assets.xcassets in Resources */,
			);
			runOnlyForDeploymentPostprocessing = 0;
		};
/* End PBXResourcesBuildPhase section */

/* Begin PBXShellScriptBuildPhase section */
		41D60DAB596173C2C832C5D3 /* [CP] Check Pods Manifest.lock */ = {
			isa = PBXShellScriptBuildPhase;
			buildActionMask = 2147483647;
			files = (
			);
			inputPaths = (
				"${PODS_PODFILE_DIR_PATH}/Podfile.lock",
				"${PODS_ROOT}/Manifest.lock",
			);
			name = "[CP] Check Pods Manifest.lock";
			outputPaths = (
				"$(DERIVED_FILE_DIR)/Pods-App Store-checkManifestLockResult.txt",
			);
			runOnlyForDeploymentPostprocessing = 0;
			shellPath = /bin/sh;
			shellScript = "diff \"${PODS_PODFILE_DIR_PATH}/Podfile.lock\" \"${PODS_ROOT}/Manifest.lock\" > /dev/null\nif [ $? != 0 ] ; then\n    # print error to STDERR\n    echo \"error: The sandbox is not in sync with the Podfile.lock. Run 'pod install' or update your CocoaPods installation.\" >&2\n    exit 1\nfi\n# This output is used by Xcode 'outputs' to avoid re-running this script phase.\necho \"SUCCESS\" > \"${SCRIPT_OUTPUT_FILE_0}\"\n";
			showEnvVarsInLog = 0;
		};
		AE095443E6AA7EFE90363676 /* [CP] Embed Pods Frameworks */ = {
			isa = PBXShellScriptBuildPhase;
			buildActionMask = 2147483647;
			files = (
			);
			inputPaths = (
				"${PODS_ROOT}/Target Support Files/Pods-App Store/Pods-App Store-frameworks.sh",
				"${BUILT_PRODUCTS_DIR}/Realm/Realm.framework",
				"${BUILT_PRODUCTS_DIR}/RealmSwift/RealmSwift.framework",
				"${BUILT_PRODUCTS_DIR}/RxCocoa/RxCocoa.framework",
				"${BUILT_PRODUCTS_DIR}/RxRealm/RxRealm.framework",
				"${BUILT_PRODUCTS_DIR}/RxRealmDataSources/RxRealmDataSources.framework",
				"${BUILT_PRODUCTS_DIR}/RxSwift/RxSwift.framework",
				"${BUILT_PRODUCTS_DIR}/SnapKit/SnapKit.framework",
				"${BUILT_PRODUCTS_DIR}/Then/Then.framework",
			);
			name = "[CP] Embed Pods Frameworks";
			outputPaths = (
				"${TARGET_BUILD_DIR}/${FRAMEWORKS_FOLDER_PATH}/Realm.framework",
				"${TARGET_BUILD_DIR}/${FRAMEWORKS_FOLDER_PATH}/RealmSwift.framework",
				"${TARGET_BUILD_DIR}/${FRAMEWORKS_FOLDER_PATH}/RxCocoa.framework",
				"${TARGET_BUILD_DIR}/${FRAMEWORKS_FOLDER_PATH}/RxRealm.framework",
				"${TARGET_BUILD_DIR}/${FRAMEWORKS_FOLDER_PATH}/RxRealmDataSources.framework",
				"${TARGET_BUILD_DIR}/${FRAMEWORKS_FOLDER_PATH}/RxSwift.framework",
				"${TARGET_BUILD_DIR}/${FRAMEWORKS_FOLDER_PATH}/SnapKit.framework",
				"${TARGET_BUILD_DIR}/${FRAMEWORKS_FOLDER_PATH}/Then.framework",
			);
			runOnlyForDeploymentPostprocessing = 0;
			shellPath = /bin/sh;
			shellScript = "\"${PODS_ROOT}/Target Support Files/Pods-App Store/Pods-App Store-frameworks.sh\"\n";
			showEnvVarsInLog = 0;
		};
/* End PBXShellScriptBuildPhase section */

/* Begin PBXSourcesBuildPhase section */
		5A5C87DD20CA59FC009D0D1B /* Sources */ = {
			isa = PBXSourcesBuildPhase;
			buildActionMask = 2147483647;
			files = (
				5A5C87E720CA59FC009D0D1B /* MainViewController.swift in Sources */,
				5A11D39E20CA65FF0078CFA5 /* MainView.swift in Sources */,
				5A81992020CBCAAA006DA884 /* ContentView.swift in Sources */,
				5ADA834320CEA285005B956A /* CustomAnimator.swift in Sources */,
				5A3C509D20CB720000879F3F /* MainModel.swift in Sources */,
				5A5C87E520CA59FC009D0D1B /* AppDelegate.swift in Sources */,
				5A11D3A020CA6ABB0078CFA5 /* MainCollectionViewCell.swift in Sources */,
				5A11D3A220CAB97A0078CFA5 /* UIColor.swift in Sources */,
				5AB1BEA820CE19FE000BB5ED /* SafeArea.swift in Sources */,
				5A81991B20CBCA74006DA884 /* ContentViewController.swift in Sources */,
			);
			runOnlyForDeploymentPostprocessing = 0;
		};
/* End PBXSourcesBuildPhase section */

/* Begin PBXVariantGroup section */
		5A5C87ED20CA59FD009D0D1B /* LaunchScreen.storyboard */ = {
			isa = PBXVariantGroup;
			children = (
				5A5C87EE20CA59FD009D0D1B /* Base */,
			);
			name = LaunchScreen.storyboard;
			sourceTree = "<group>";
		};
/* End PBXVariantGroup section */

/* Begin XCBuildConfiguration section */
		5A5C87F120CA59FD009D0D1B /* Debug */ = {
			isa = XCBuildConfiguration;
			buildSettings = {
				ALWAYS_SEARCH_USER_PATHS = NO;
				CLANG_ANALYZER_NONNULL = YES;
				CLANG_ANALYZER_NUMBER_OBJECT_CONVERSION = YES_AGGRESSIVE;
				CLANG_CXX_LANGUAGE_STANDARD = "gnu++14";
				CLANG_CXX_LIBRARY = "libc++";
				CLANG_ENABLE_MODULES = YES;
				CLANG_ENABLE_OBJC_ARC = YES;
				CLANG_ENABLE_OBJC_WEAK = YES;
				CLANG_WARN_BLOCK_CAPTURE_AUTORELEASING = YES;
				CLANG_WARN_BOOL_CONVERSION = YES;
				CLANG_WARN_COMMA = YES;
				CLANG_WARN_CONSTANT_CONVERSION = YES;
				CLANG_WARN_DEPRECATED_OBJC_IMPLEMENTATIONS = YES;
				CLANG_WARN_DIRECT_OBJC_ISA_USAGE = YES_ERROR;
				CLANG_WARN_DOCUMENTATION_COMMENTS = YES;
				CLANG_WARN_EMPTY_BODY = YES;
				CLANG_WARN_ENUM_CONVERSION = YES;
				CLANG_WARN_INFINITE_RECURSION = YES;
				CLANG_WARN_INT_CONVERSION = YES;
				CLANG_WARN_NON_LITERAL_NULL_CONVERSION = YES;
				CLANG_WARN_OBJC_IMPLICIT_RETAIN_SELF = YES;
				CLANG_WARN_OBJC_LITERAL_CONVERSION = YES;
				CLANG_WARN_OBJC_ROOT_CLASS = YES_ERROR;
				CLANG_WARN_RANGE_LOOP_ANALYSIS = YES;
				CLANG_WARN_STRICT_PROTOTYPES = YES;
				CLANG_WARN_SUSPICIOUS_MOVE = YES;
				CLANG_WARN_UNGUARDED_AVAILABILITY = YES_AGGRESSIVE;
				CLANG_WARN_UNREACHABLE_CODE = YES;
				CLANG_WARN__DUPLICATE_METHOD_MATCH = YES;
				CODE_SIGN_IDENTITY = "iPhone Developer";
				COPY_PHASE_STRIP = NO;
				DEBUG_INFORMATION_FORMAT = dwarf;
				ENABLE_STRICT_OBJC_MSGSEND = YES;
				ENABLE_TESTABILITY = YES;
				GCC_C_LANGUAGE_STANDARD = gnu11;
				GCC_DYNAMIC_NO_PIC = NO;
				GCC_NO_COMMON_BLOCKS = YES;
				GCC_OPTIMIZATION_LEVEL = 0;
				GCC_PREPROCESSOR_DEFINITIONS = (
					"DEBUG=1",
					"$(inherited)",
				);
				GCC_WARN_64_TO_32_BIT_CONVERSION = YES;
				GCC_WARN_ABOUT_RETURN_TYPE = YES_ERROR;
				GCC_WARN_UNDECLARED_SELECTOR = YES;
				GCC_WARN_UNINITIALIZED_AUTOS = YES_AGGRESSIVE;
				GCC_WARN_UNUSED_FUNCTION = YES;
				GCC_WARN_UNUSED_VARIABLE = YES;
				IPHONEOS_DEPLOYMENT_TARGET = 12.0;
				MTL_ENABLE_DEBUG_INFO = INCLUDE_SOURCE;
				ONLY_ACTIVE_ARCH = YES;
				SDKROOT = iphoneos;
				SWIFT_ACTIVE_COMPILATION_CONDITIONS = DEBUG;
				SWIFT_OPTIMIZATION_LEVEL = "-Onone";
			};
			name = Debug;
		};
		5A5C87F220CA59FD009D0D1B /* Release */ = {
			isa = XCBuildConfiguration;
			buildSettings = {
				ALWAYS_SEARCH_USER_PATHS = NO;
				CLANG_ANALYZER_NONNULL = YES;
				CLANG_ANALYZER_NUMBER_OBJECT_CONVERSION = YES_AGGRESSIVE;
				CLANG_CXX_LANGUAGE_STANDARD = "gnu++14";
				CLANG_CXX_LIBRARY = "libc++";
				CLANG_ENABLE_MODULES = YES;
				CLANG_ENABLE_OBJC_ARC = YES;
				CLANG_ENABLE_OBJC_WEAK = YES;
				CLANG_WARN_BLOCK_CAPTURE_AUTORELEASING = YES;
				CLANG_WARN_BOOL_CONVERSION = YES;
				CLANG_WARN_COMMA = YES;
				CLANG_WARN_CONSTANT_CONVERSION = YES;
				CLANG_WARN_DEPRECATED_OBJC_IMPLEMENTATIONS = YES;
				CLANG_WARN_DIRECT_OBJC_ISA_USAGE = YES_ERROR;
				CLANG_WARN_DOCUMENTATION_COMMENTS = YES;
				CLANG_WARN_EMPTY_BODY = YES;
				CLANG_WARN_ENUM_CONVERSION = YES;
				CLANG_WARN_INFINITE_RECURSION = YES;
				CLANG_WARN_INT_CONVERSION = YES;
				CLANG_WARN_NON_LITERAL_NULL_CONVERSION = YES;
				CLANG_WARN_OBJC_IMPLICIT_RETAIN_SELF = YES;
				CLANG_WARN_OBJC_LITERAL_CONVERSION = YES;
				CLANG_WARN_OBJC_ROOT_CLASS = YES_ERROR;
				CLANG_WARN_RANGE_LOOP_ANALYSIS = YES;
				CLANG_WARN_STRICT_PROTOTYPES = YES;
				CLANG_WARN_SUSPICIOUS_MOVE = YES;
				CLANG_WARN_UNGUARDED_AVAILABILITY = YES_AGGRESSIVE;
				CLANG_WARN_UNREACHABLE_CODE = YES;
				CLANG_WARN__DUPLICATE_METHOD_MATCH = YES;
				CODE_SIGN_IDENTITY = "iPhone Developer";
				COPY_PHASE_STRIP = NO;
				DEBUG_INFORMATION_FORMAT = "dwarf-with-dsym";
				ENABLE_NS_ASSERTIONS = NO;
				ENABLE_STRICT_OBJC_MSGSEND = YES;
				GCC_C_LANGUAGE_STANDARD = gnu11;
				GCC_NO_COMMON_BLOCKS = YES;
				GCC_WARN_64_TO_32_BIT_CONVERSION = YES;
				GCC_WARN_ABOUT_RETURN_TYPE = YES_ERROR;
				GCC_WARN_UNDECLARED_SELECTOR = YES;
				GCC_WARN_UNINITIALIZED_AUTOS = YES_AGGRESSIVE;
				GCC_WARN_UNUSED_FUNCTION = YES;
				GCC_WARN_UNUSED_VARIABLE = YES;
				IPHONEOS_DEPLOYMENT_TARGET = 12.0;
				MTL_ENABLE_DEBUG_INFO = NO;
				SDKROOT = iphoneos;
				SWIFT_COMPILATION_MODE = wholemodule;
				SWIFT_OPTIMIZATION_LEVEL = "-O";
				VALIDATE_PRODUCT = YES;
			};
			name = Release;
		};
		5A5C87F420CA59FD009D0D1B /* Debug */ = {
			isa = XCBuildConfiguration;
			baseConfigurationReference = D3277C834CAE6F96BA0332E4 /* Pods-App Store.debug.xcconfig */;
			buildSettings = {
				ASSETCATALOG_COMPILER_APPICON_NAME = AppIcon;
				CODE_SIGN_STYLE = Automatic;
				DEVELOPMENT_TEAM = KCTX2M4YP7;
				INFOPLIST_FILE = "App Store/Info.plist";
				LD_RUNPATH_SEARCH_PATHS = (
					"$(inherited)",
					"@executable_path/Frameworks",
				);
				PRODUCT_BUNDLE_IDENTIFIER = "me.shotr.App-Store";
				PRODUCT_NAME = "$(TARGET_NAME)";
				SWIFT_VERSION = 4.2;
				TARGETED_DEVICE_FAMILY = "1,2";
			};
			name = Debug;
		};
		5A5C87F520CA59FD009D0D1B /* Release */ = {
			isa = XCBuildConfiguration;
			baseConfigurationReference = FCC717AA40904FF0B7BA6617 /* Pods-App Store.release.xcconfig */;
			buildSettings = {
				ASSETCATALOG_COMPILER_APPICON_NAME = AppIcon;
				CODE_SIGN_STYLE = Automatic;
				DEVELOPMENT_TEAM = KCTX2M4YP7;
				INFOPLIST_FILE = "App Store/Info.plist";
				LD_RUNPATH_SEARCH_PATHS = (
					"$(inherited)",
					"@executable_path/Frameworks",
				);
				PRODUCT_BUNDLE_IDENTIFIER = "me.shotr.App-Store";
				PRODUCT_NAME = "$(TARGET_NAME)";
				SWIFT_VERSION = 4.2;
				TARGETED_DEVICE_FAMILY = "1,2";
			};
			name = Release;
		};
/* End XCBuildConfiguration section */

/* Begin XCConfigurationList section */
		5A5C87DC20CA59FC009D0D1B /* Build configuration list for PBXProject "App Store" */ = {
			isa = XCConfigurationList;
			buildConfigurations = (
				5A5C87F120CA59FD009D0D1B /* Debug */,
				5A5C87F220CA59FD009D0D1B /* Release */,
			);
			defaultConfigurationIsVisible = 0;
			defaultConfigurationName = Release;
		};
		5A5C87F320CA59FD009D0D1B /* Build configuration list for PBXNativeTarget "App Store" */ = {
			isa = XCConfigurationList;
			buildConfigurations = (
				5A5C87F420CA59FD009D0D1B /* Debug */,
				5A5C87F520CA59FD009D0D1B /* Release */,
			);
			defaultConfigurationIsVisible = 0;
			defaultConfigurationName = Release;
		};
/* End XCConfigurationList section */
	};
	rootObject = 5A5C87D920CA59FC009D0D1B /* Project object */;
}
